
Microsoft Visual Studio Solution File, Format Version 12.00
# Visual Studio Version 16
VisualStudioVersion = 16.0.30907.101
MinimumVisualStudioVersion = 10.0.40219.1
Project("{FAE04EC0-301F-11D3-BF4B-00C04F79EFBC}") = "assignment1", "assignment1\assignment1.csproj", "{E7D64749-0160-4E9D-B0BD-4ABC1D1CCB80}"
EndProject
Global
	GlobalSection(SolutionConfigurationPlatforms) = preSolution
		Debug|Any CPU = Debug|Any CPU
		Release|Any CPU = Release|Any CPU
	EndGlobalSection
	GlobalSection(ProjectConfigurationPlatforms) = postSolution
		{E7D64749-0160-4E9D-B0BD-4ABC1D1CCB80}.Debug|Any CPU.ActiveCfg = Debug|Any CPU
		{E7D64749-0160-4E9D-B0BD-4ABC1D1CCB80}.Debug|Any CPU.Build.0 = Debug|Any CPU
		{E7D64749-0160-4E9D-B0BD-4ABC1D1CCB80}.Release|Any CPU.ActiveCfg = Release|Any CPU
		{E7D64749-0160-4E9D-B0BD-4ABC1D1CCB80}.Release|Any CPU.Build.0 = Release|Any CPU
	EndGlobalSection
	GlobalSection(SolutionProperties) = preSolution
		HideSolutionNode = FALSE
	EndGlobalSection
	GlobalSection(ExtensibilityGlobals) = postSolution
		SolutionGuid = {C518A9F7-E801-40FE-8745-5D0742F1DBF3}
	EndGlobalSection
EndGlobal
